
Microsoft Visual Studio Solution File, Format Version 12.00
# Visual Studio 14
VisualStudioVersion = 14.0.23107.0
MinimumVisualStudioVersion = 10.0.40219.1
Project("{FAE04EC0-301F-11D3-BF4B-00C04F79EFBC}") = "Nancy.GlobalExceptionHandling", "Nancy.GlobalExceptionHandling\Nancy.GlobalExceptionHandling.csproj", "{F9F51A8B-3813-4BA9-89C9-BCB3C9D47204}"
EndProject
Project("{FAE04EC0-301F-11D3-BF4B-00C04F79EFBC}") = "Nancy.GlobalExceptionHandling.Tests", "Nancy.GlobalExceptionHandling.Tests\Nancy.GlobalExceptionHandling.Tests.csproj", "{6779EEB5-125E-4613-85AB-8F65CFB83FCF}"
EndProject
Global
	GlobalSection(SolutionConfigurationPlatforms) = preSolution
		Debug|Any CPU = Debug|Any CPU
		Release|Any CPU = Release|Any CPU
	EndGlobalSection
	GlobalSection(ProjectConfigurationPlatforms) = postSolution
		{F9F51A8B-3813-4BA9-89C9-BCB3C9D47204}.Debug|Any CPU.ActiveCfg = Debug|Any CPU
		{F9F51A8B-3813-4BA9-89C9-BCB3C9D47204}.Debug|Any CPU.Build.0 = Debug|Any CPU
		{F9F51A8B-3813-4BA9-89C9-BCB3C9D47204}.Release|Any CPU.ActiveCfg = Release|Any CPU
		{F9F51A8B-3813-4BA9-89C9-BCB3C9D47204}.Release|Any CPU.Build.0 = Release|Any CPU
		{6779EEB5-125E-4613-85AB-8F65CFB83FCF}.Debug|Any CPU.ActiveCfg = Debug|Any CPU
		{6779EEB5-125E-4613-85AB-8F65CFB83FCF}.Debug|Any CPU.Build.0 = Debug|Any CPU
		{6779EEB5-125E-4613-85AB-8F65CFB83FCF}.Release|Any CPU.ActiveCfg = Release|Any CPU
		{6779EEB5-125E-4613-85AB-8F65CFB83FCF}.Release|Any CPU.Build.0 = Release|Any CPU
	EndGlobalSection
	GlobalSection(SolutionProperties) = preSolution
		HideSolutionNode = FALSE
	EndGlobalSection
EndGlobal
